// !$*UTF8*$!
{
	archiveVersion = 1;
	classes = {
	};
	objectVersion = 50;
	objects = {

/* Begin PBXBuildFile section */
		151568A5C059F20889E3D150 /* Pods_Flutter_iOS.framework in Frameworks */ = {isa = PBXBuildFile; fileRef = 96BC37486F4550E6C1A80119 /* Pods_Flutter_iOS.framework */; };
		55C2E7EB99921260B10763B6 /* Pods_Flutter_iOSTests.framework in Frameworks */ = {isa = PBXBuildFile; fileRef = 6D20DE7307588F1EAA0F181F /* Pods_Flutter_iOSTests.framework */; };
		60D516F3A7AFFF6D04DAF942 /* Pods_Flutter_iOSUITests.framework in Frameworks */ = {isa = PBXBuildFile; fileRef = 49839A8958814625179615BF /* Pods_Flutter_iOSUITests.framework */; };
		F63F121421E44AFC00E3AF95 /* AppDelegate.swift in Sources */ = {isa = PBXBuildFile; fileRef = F63F121321E44AFC00E3AF95 /* AppDelegate.swift */; };
		F63F121621E44AFC00E3AF95 /* ViewController.swift in Sources */ = {isa = PBXBuildFile; fileRef = F63F121521E44AFC00E3AF95 /* ViewController.swift */; };
		F63F121921E44AFC00E3AF95 /* Main.storyboard in Resources */ = {isa = PBXBuildFile; fileRef = F63F121721E44AFC00E3AF95 /* Main.storyboard */; };
		F63F121B21E44AFE00E3AF95 /* Assets.xcassets in Resources */ = {isa = PBXBuildFile; fileRef = F63F121A21E44AFE00E3AF95 /* Assets.xcassets */; };
		F63F121E21E44AFE00E3AF95 /* LaunchScreen.storyboard in Resources */ = {isa = PBXBuildFile; fileRef = F63F121C21E44AFE00E3AF95 /* LaunchScreen.storyboard */; };
		F63F122921E44AFE00E3AF95 /* Flutter_iOSTests.swift in Sources */ = {isa = PBXBuildFile; fileRef = F63F122821E44AFE00E3AF95 /* Flutter_iOSTests.swift */; };
		F63F123421E44AFE00E3AF95 /* Flutter_iOSUITests.swift in Sources */ = {isa = PBXBuildFile; fileRef = F63F123321E44AFE00E3AF95 /* Flutter_iOSUITests.swift */; };
/* End PBXBuildFile section */

/* Begin PBXContainerItemProxy section */
		F63F122521E44AFE00E3AF95 /* PBXContainerItemProxy */ = {
			isa = PBXContainerItemProxy;
			containerPortal = F63F120821E44AFC00E3AF95 /* Project object */;
			proxyType = 1;
			remoteGlobalIDString = F63F120F21E44AFC00E3AF95;
			remoteInfo = "Flutter-iOS";
		};
		F63F123021E44AFE00E3AF95 /* PBXContainerItemProxy */ = {
			isa = PBXContainerItemProxy;
			containerPortal = F63F120821E44AFC00E3AF95 /* Project object */;
			proxyType = 1;
			remoteGlobalIDString = F63F120F21E44AFC00E3AF95;
			remoteInfo = "Flutter-iOS";
		};
/* End PBXContainerItemProxy section */

/* Begin PBXFileReference section */
		068578D8DA57148064547229 /* Pods-Flutter-iOS.debug.xcconfig */ = {isa = PBXFileReference; includeInIndex = 1; lastKnownFileType = text.xcconfig; name = "Pods-Flutter-iOS.debug.xcconfig"; path = "Pods/Target Support Files/Pods-Flutter-iOS/Pods-Flutter-iOS.debug.xcconfig"; sourceTree = "<group>"; };
		1A1A381A463210AF3EB15180 /* Pods-Flutter-iOSTests.release.xcconfig */ = {isa = PBXFileReference; includeInIndex = 1; lastKnownFileType = text.xcconfig; name = "Pods-Flutter-iOSTests.release.xcconfig"; path = "Pods/Target Support Files/Pods-Flutter-iOSTests/Pods-Flutter-iOSTests.release.xcconfig"; sourceTree = "<group>"; };
		4088766E52F746547B815E9A /* Pods-Flutter-iOSUITests.release.xcconfig */ = {isa = PBXFileReference; includeInIndex = 1; lastKnownFileType = text.xcconfig; name = "Pods-Flutter-iOSUITests.release.xcconfig"; path = "Pods/Target Support Files/Pods-Flutter-iOSUITests/Pods-Flutter-iOSUITests.release.xcconfig"; sourceTree = "<group>"; };
		467B6A7BBF086E66A634D90D /* Pods-Flutter-iOS.release.xcconfig */ = {isa = PBXFileReference; includeInIndex = 1; lastKnownFileType = text.xcconfig; name = "Pods-Flutter-iOS.release.xcconfig"; path = "Pods/Target Support Files/Pods-Flutter-iOS/Pods-Flutter-iOS.release.xcconfig"; sourceTree = "<group>"; };
		49839A8958814625179615BF /* Pods_Flutter_iOSUITests.framework */ = {isa = PBXFileReference; explicitFileType = wrapper.framework; includeInIndex = 0; path = Pods_Flutter_iOSUITests.framework; sourceTree = BUILT_PRODUCTS_DIR; };
		6D20DE7307588F1EAA0F181F /* Pods_Flutter_iOSTests.framework */ = {isa = PBXFileReference; explicitFileType = wrapper.framework; includeInIndex = 0; path = Pods_Flutter_iOSTests.framework; sourceTree = BUILT_PRODUCTS_DIR; };
		96BC37486F4550E6C1A80119 /* Pods_Flutter_iOS.framework */ = {isa = PBXFileReference; explicitFileType = wrapper.framework; includeInIndex = 0; path = Pods_Flutter_iOS.framework; sourceTree = BUILT_PRODUCTS_DIR; };
		C099C737993FD1D8116A6A8A /* Pods-Flutter-iOSTests.debug.xcconfig */ = {isa = PBXFileReference; includeInIndex = 1; lastKnownFileType = text.xcconfig; name = "Pods-Flutter-iOSTests.debug.xcconfig"; path = "Pods/Target Support Files/Pods-Flutter-iOSTests/Pods-Flutter-iOSTests.debug.xcconfig"; sourceTree = "<group>"; };
		D5293D1AB4901A2199E19D84 /* Pods-Flutter-iOSUITests.debug.xcconfig */ = {isa = PBXFileReference; includeInIndex = 1; lastKnownFileType = text.xcconfig; name = "Pods-Flutter-iOSUITests.debug.xcconfig"; path = "Pods/Target Support Files/Pods-Flutter-iOSUITests/Pods-Flutter-iOSUITests.debug.xcconfig"; sourceTree = "<group>"; };
		F63F121021E44AFC00E3AF95 /* Flutter-iOS.app */ = {isa = PBXFileReference; explicitFileType = wrapper.application; includeInIndex = 0; path = "Flutter-iOS.app"; sourceTree = BUILT_PRODUCTS_DIR; };
		F63F121321E44AFC00E3AF95 /* AppDelegate.swift */ = {isa = PBXFileReference; lastKnownFileType = sourcecode.swift; path = AppDelegate.swift; sourceTree = "<group>"; };
		F63F121521E44AFC00E3AF95 /* ViewController.swift */ = {isa = PBXFileReference; lastKnownFileType = sourcecode.swift; path = ViewController.swift; sourceTree = "<group>"; };
		F63F121821E44AFC00E3AF95 /* Base */ = {isa = PBXFileReference; lastKnownFileType = file.storyboard; name = Base; path = Base.lproj/Main.storyboard; sourceTree = "<group>"; };
		F63F121A21E44AFE00E3AF95 /* Assets.xcassets */ = {isa = PBXFileReference; lastKnownFileType = folder.assetcatalog; path = Assets.xcassets; sourceTree = "<group>"; };
		F63F121D21E44AFE00E3AF95 /* Base */ = {isa = PBXFileReference; lastKnownFileType = file.storyboard; name = Base; path = Base.lproj/LaunchScreen.storyboard; sourceTree = "<group>"; };
		F63F121F21E44AFE00E3AF95 /* Info.plist */ = {isa = PBXFileReference; lastKnownFileType = text.plist.xml; path = Info.plist; sourceTree = "<group>"; };
		F63F122421E44AFE00E3AF95 /* Flutter-iOSTests.xctest */ = {isa = PBXFileReference; explicitFileType = wrapper.cfbundle; includeInIndex = 0; path = "Flutter-iOSTests.xctest"; sourceTree = BUILT_PRODUCTS_DIR; };
		F63F122821E44AFE00E3AF95 /* Flutter_iOSTests.swift */ = {isa = PBXFileReference; lastKnownFileType = sourcecode.swift; path = Flutter_iOSTests.swift; sourceTree = "<group>"; };
		F63F122A21E44AFE00E3AF95 /* Info.plist */ = {isa = PBXFileReference; lastKnownFileType = text.plist.xml; path = Info.plist; sourceTree = "<group>"; };
		F63F122F21E44AFE00E3AF95 /* Flutter-iOSUITests.xctest */ = {isa = PBXFileReference; explicitFileType = wrapper.cfbundle; includeInIndex = 0; path = "Flutter-iOSUITests.xctest"; sourceTree = BUILT_PRODUCTS_DIR; };
		F63F123321E44AFE00E3AF95 /* Flutter_iOSUITests.swift */ = {isa = PBXFileReference; lastKnownFileType = sourcecode.swift; path = Flutter_iOSUITests.swift; sourceTree = "<group>"; };
		F63F123521E44AFE00E3AF95 /* Info.plist */ = {isa = PBXFileReference; lastKnownFileType = text.plist.xml; path = Info.plist; sourceTree = "<group>"; };
/* End PBXFileReference section */

/* Begin PBXFrameworksBuildPhase section */
		F63F120D21E44AFC00E3AF95 /* Frameworks */ = {
			isa = PBXFrameworksBuildPhase;
			buildActionMask = 2147483647;
			files = (
				151568A5C059F20889E3D150 /* Pods_Flutter_iOS.framework in Frameworks */,
			);
			runOnlyForDeploymentPostprocessing = 0;
		};
		F63F122121E44AFE00E3AF95 /* Frameworks */ = {
			isa = PBXFrameworksBuildPhase;
			buildActionMask = 2147483647;
			files = (
				55C2E7EB99921260B10763B6 /* Pods_Flutter_iOSTests.framework in Frameworks */,
			);
			runOnlyForDeploymentPostprocessing = 0;
		};
		F63F122C21E44AFE00E3AF95 /* Frameworks */ = {
			isa = PBXFrameworksBuildPhase;
			buildActionMask = 2147483647;
			files = (
				60D516F3A7AFFF6D04DAF942 /* Pods_Flutter_iOSUITests.framework in Frameworks */,
			);
			runOnlyForDeploymentPostprocessing = 0;
		};
/* End PBXFrameworksBuildPhase section */

/* Begin PBXGroup section */
		AE63A225F0D8C2A34AB88AEC /* Pods */ = {
			isa = PBXGroup;
			children = (
				068578D8DA57148064547229 /* Pods-Flutter-iOS.debug.xcconfig */,
				467B6A7BBF086E66A634D90D /* Pods-Flutter-iOS.release.xcconfig */,
				C099C737993FD1D8116A6A8A /* Pods-Flutter-iOSTests.debug.xcconfig */,
				1A1A381A463210AF3EB15180 /* Pods-Flutter-iOSTests.release.xcconfig */,
				D5293D1AB4901A2199E19D84 /* Pods-Flutter-iOSUITests.debug.xcconfig */,
				4088766E52F746547B815E9A /* Pods-Flutter-iOSUITests.release.xcconfig */,
			);
			name = Pods;
			sourceTree = "<group>";
		};
		F5D29EB0D2B7A566F0A32AF6 /* Frameworks */ = {
			isa = PBXGroup;
			children = (
				96BC37486F4550E6C1A80119 /* Pods_Flutter_iOS.framework */,
				6D20DE7307588F1EAA0F181F /* Pods_Flutter_iOSTests.framework */,
				49839A8958814625179615BF /* Pods_Flutter_iOSUITests.framework */,
			);
			name = Frameworks;
			sourceTree = "<group>";
		};
		F63F120721E44AFC00E3AF95 = {
			isa = PBXGroup;
			children = (
				F63F121221E44AFC00E3AF95 /* Flutter-iOS */,
				F63F122721E44AFE00E3AF95 /* Flutter-iOSTests */,
				F63F123221E44AFE00E3AF95 /* Flutter-iOSUITests */,
				F63F121121E44AFC00E3AF95 /* Products */,
				AE63A225F0D8C2A34AB88AEC /* Pods */,
				F5D29EB0D2B7A566F0A32AF6 /* Frameworks */,
			);
			sourceTree = "<group>";
		};
		F63F121121E44AFC00E3AF95 /* Products */ = {
			isa = PBXGroup;
			children = (
				F63F121021E44AFC00E3AF95 /* Flutter-iOS.app */,
				F63F122421E44AFE00E3AF95 /* Flutter-iOSTests.xctest */,
				F63F122F21E44AFE00E3AF95 /* Flutter-iOSUITests.xctest */,
			);
			name = Products;
			sourceTree = "<group>";
		};
		F63F121221E44AFC00E3AF95 /* Flutter-iOS */ = {
			isa = PBXGroup;
			children = (
				F63F121321E44AFC00E3AF95 /* AppDelegate.swift */,
				F63F121521E44AFC00E3AF95 /* ViewController.swift */,
				F63F121721E44AFC00E3AF95 /* Main.storyboard */,
				F63F121A21E44AFE00E3AF95 /* Assets.xcassets */,
				F63F121C21E44AFE00E3AF95 /* LaunchScreen.storyboard */,
				F63F121F21E44AFE00E3AF95 /* Info.plist */,
			);
			path = "Flutter-iOS";
			sourceTree = "<group>";
		};
		F63F122721E44AFE00E3AF95 /* Flutter-iOSTests */ = {
			isa = PBXGroup;
			children = (
				F63F122821E44AFE00E3AF95 /* Flutter_iOSTests.swift */,
				F63F122A21E44AFE00E3AF95 /* Info.plist */,
			);
			path = "Flutter-iOSTests";
			sourceTree = "<group>";
		};
		F63F123221E44AFE00E3AF95 /* Flutter-iOSUITests */ = {
			isa = PBXGroup;
			children = (
				F63F123321E44AFE00E3AF95 /* Flutter_iOSUITests.swift */,
				F63F123521E44AFE00E3AF95 /* Info.plist */,
			);
			path = "Flutter-iOSUITests";
			sourceTree = "<group>";
		};
/* End PBXGroup section */

/* Begin PBXNativeTarget section */
		F63F120F21E44AFC00E3AF95 /* Flutter-iOS */ = {
			isa = PBXNativeTarget;
			buildConfigurationList = F63F123821E44AFE00E3AF95 /* Build configuration list for PBXNativeTarget "Flutter-iOS" */;
			buildPhases = (
				01AD1A90869BAA66EA023C65 /* [CP] Check Pods Manifest.lock */,
				F63F120C21E44AFC00E3AF95 /* Sources */,
				F63F120D21E44AFC00E3AF95 /* Frameworks */,
				F63F120E21E44AFC00E3AF95 /* Resources */,
				A38F95EB2B409DF165C83DA0 /* [CP] Embed Pods Frameworks */,
				F6610DD621E44D3500A2137B /* ShellScript */,
			);
			buildRules = (
			);
			dependencies = (
			);
			name = "Flutter-iOS";
			productName = "Flutter-iOS";
			productReference = F63F121021E44AFC00E3AF95 /* Flutter-iOS.app */;
			productType = "com.apple.product-type.application";
		};
		F63F122321E44AFE00E3AF95 /* Flutter-iOSTests */ = {
			isa = PBXNativeTarget;
			buildConfigurationList = F63F123B21E44AFE00E3AF95 /* Build configuration list for PBXNativeTarget "Flutter-iOSTests" */;
			buildPhases = (
				0C6FCB2A880A52622EEB3967 /* [CP] Check Pods Manifest.lock */,
				F63F122021E44AFE00E3AF95 /* Sources */,
				F63F122121E44AFE00E3AF95 /* Frameworks */,
				F63F122221E44AFE00E3AF95 /* Resources */,
			);
			buildRules = (
			);
			dependencies = (
				F63F122621E44AFE00E3AF95 /* PBXTargetDependency */,
			);
			name = "Flutter-iOSTests";
			productName = "Flutter-iOSTests";
			productReference = F63F122421E44AFE00E3AF95 /* Flutter-iOSTests.xctest */;
			productType = "com.apple.product-type.bundle.unit-test";
		};
		F63F122E21E44AFE00E3AF95 /* Flutter-iOSUITests */ = {
			isa = PBXNativeTarget;
			buildConfigurationList = F63F123E21E44AFE00E3AF95 /* Build configuration list for PBXNativeTarget "Flutter-iOSUITests" */;
			buildPhases = (
				0BEBB0E482A600C59085B4EA /* [CP] Check Pods Manifest.lock */,
				F63F122B21E44AFE00E3AF95 /* Sources */,
				F63F122C21E44AFE00E3AF95 /* Frameworks */,
				F63F122D21E44AFE00E3AF95 /* Resources */,
			);
			buildRules = (
			);
			dependencies = (
				F63F123121E44AFE00E3AF95 /* PBXTargetDependency */,
			);
			name = "Flutter-iOSUITests";
			productName = "Flutter-iOSUITests";
			productReference = F63F122F21E44AFE00E3AF95 /* Flutter-iOSUITests.xctest */;
			productType = "com.apple.product-type.bundle.ui-testing";
		};
/* End PBXNativeTarget section */

/* Begin PBXProject section */
		F63F120821E44AFC00E3AF95 /* Project object */ = {
			isa = PBXProject;
			attributes = {
				LastSwiftUpdateCheck = 1000;
				LastUpgradeCheck = 1000;
				ORGANIZATIONNAME = Guruprasath;
				TargetAttributes = {
					F63F120F21E44AFC00E3AF95 = {
						CreatedOnToolsVersion = 10.0;
					};
					F63F122321E44AFE00E3AF95 = {
						CreatedOnToolsVersion = 10.0;
						TestTargetID = F63F120F21E44AFC00E3AF95;
					};
					F63F122E21E44AFE00E3AF95 = {
						CreatedOnToolsVersion = 10.0;
						TestTargetID = F63F120F21E44AFC00E3AF95;
					};
				};
			};
			buildConfigurationList = F63F120B21E44AFC00E3AF95 /* Build configuration list for PBXProject "Flutter-iOS" */;
			compatibilityVersion = "Xcode 9.3";
			developmentRegion = en;
			hasScannedForEncodings = 0;
			knownRegions = (
				en,
				Base,
			);
			mainGroup = F63F120721E44AFC00E3AF95;
			productRefGroup = F63F121121E44AFC00E3AF95 /* Products */;
			projectDirPath = "";
			projectRoot = "";
			targets = (
				F63F120F21E44AFC00E3AF95 /* Flutter-iOS */,
				F63F122321E44AFE00E3AF95 /* Flutter-iOSTests */,
				F63F122E21E44AFE00E3AF95 /* Flutter-iOSUITests */,
			);
		};
/* End PBXProject section */

/* Begin PBXResourcesBuildPhase section */
		F63F120E21E44AFC00E3AF95 /* Resources */ = {
			isa = PBXResourcesBuildPhase;
			buildActionMask = 2147483647;
			files = (
				F63F121E21E44AFE00E3AF95 /* LaunchScreen.storyboard in Resources */,
				F63F121B21E44AFE00E3AF95 /* Assets.xcassets in Resources */,
				F63F121921E44AFC00E3AF95 /* Main.storyboard in Resources */,
			);
			runOnlyForDeploymentPostprocessing = 0;
		};
		F63F122221E44AFE00E3AF95 /* Resources */ = {
			isa = PBXResourcesBuildPhase;
			buildActionMask = 2147483647;
			files = (
			);
			runOnlyForDeploymentPostprocessing = 0;
		};
		F63F122D21E44AFE00E3AF95 /* Resources */ = {
			isa = PBXResourcesBuildPhase;
			buildActionMask = 2147483647;
			files = (
			);
			runOnlyForDeploymentPostprocessing = 0;
		};
/* End PBXResourcesBuildPhase section */

/* Begin PBXShellScriptBuildPhase section */
		01AD1A90869BAA66EA023C65 /* [CP] Check Pods Manifest.lock */ = {
			isa = PBXShellScriptBuildPhase;
			buildActionMask = 2147483647;
			files = (
			);
			inputPaths = (
				"${PODS_PODFILE_DIR_PATH}/Podfile.lock",
				"${PODS_ROOT}/Manifest.lock",
			);
			name = "[CP] Check Pods Manifest.lock";
			outputPaths = (
				"$(DERIVED_FILE_DIR)/Pods-Flutter-iOS-checkManifestLockResult.txt",
			);
			runOnlyForDeploymentPostprocessing = 0;
			shellPath = /bin/sh;
			shellScript = "diff \"${PODS_PODFILE_DIR_PATH}/Podfile.lock\" \"${PODS_ROOT}/Manifest.lock\" > /dev/null\nif [ $? != 0 ] ; then\n    # print error to STDERR\n    echo \"error: The sandbox is not in sync with the Podfile.lock. Run 'pod install' or update your CocoaPods installation.\" >&2\n    exit 1\nfi\n# This output is used by Xcode 'outputs' to avoid re-running this script phase.\necho \"SUCCESS\" > \"${SCRIPT_OUTPUT_FILE_0}\"\n";
			showEnvVarsInLog = 0;
		};
		0BEBB0E482A600C59085B4EA /* [CP] Check Pods Manifest.lock */ = {
			isa = PBXShellScriptBuildPhase;
			buildActionMask = 2147483647;
			files = (
			);
			inputPaths = (
				"${PODS_PODFILE_DIR_PATH}/Podfile.lock",
				"${PODS_ROOT}/Manifest.lock",
			);
			name = "[CP] Check Pods Manifest.lock";
			outputPaths = (
				"$(DERIVED_FILE_DIR)/Pods-Flutter-iOSUITests-checkManifestLockResult.txt",
			);
			runOnlyForDeploymentPostprocessing = 0;
			shellPath = /bin/sh;
			shellScript = "diff \"${PODS_PODFILE_DIR_PATH}/Podfile.lock\" \"${PODS_ROOT}/Manifest.lock\" > /dev/null\nif [ $? != 0 ] ; then\n    # print error to STDERR\n    echo \"error: The sandbox is not in sync with the Podfile.lock. Run 'pod install' or update your CocoaPods installation.\" >&2\n    exit 1\nfi\n# This output is used by Xcode 'outputs' to avoid re-running this script phase.\necho \"SUCCESS\" > \"${SCRIPT_OUTPUT_FILE_0}\"\n";
			showEnvVarsInLog = 0;
		};
		0C6FCB2A880A52622EEB3967 /* [CP] Check Pods Manifest.lock */ = {
			isa = PBXShellScriptBuildPhase;
			buildActionMask = 2147483647;
			files = (
			);
			inputPaths = (
				"${PODS_PODFILE_DIR_PATH}/Podfile.lock",
				"${PODS_ROOT}/Manifest.lock",
			);
			name = "[CP] Check Pods Manifest.lock";
			outputPaths = (
				"$(DERIVED_FILE_DIR)/Pods-Flutter-iOSTests-checkManifestLockResult.txt",
			);
			runOnlyForDeploymentPostprocessing = 0;
			shellPath = /bin/sh;
			shellScript = "diff \"${PODS_PODFILE_DIR_PATH}/Podfile.lock\" \"${PODS_ROOT}/Manifest.lock\" > /dev/null\nif [ $? != 0 ] ; then\n    # print error to STDERR\n    echo \"error: The sandbox is not in sync with the Podfile.lock. Run 'pod install' or update your CocoaPods installation.\" >&2\n    exit 1\nfi\n# This output is used by Xcode 'outputs' to avoid re-running this script phase.\necho \"SUCCESS\" > \"${SCRIPT_OUTPUT_FILE_0}\"\n";
			showEnvVarsInLog = 0;
		};
		A38F95EB2B409DF165C83DA0 /* [CP] Embed Pods Frameworks */ = {
			isa = PBXShellScriptBuildPhase;
			buildActionMask = 2147483647;
			files = (
			);
			inputPaths = (
				"${SRCROOT}/Pods/Target Support Files/Pods-Flutter-iOS/Pods-Flutter-iOS-frameworks.sh",
				"${PODS_ROOT}/../my_flutter/.ios/Flutter/engine/Flutter.framework",
				"${BUILT_PRODUCTS_DIR}/FlutterPluginRegistrant/FlutterPluginRegistrant.framework",
			);
			name = "[CP] Embed Pods Frameworks";
			outputPaths = (
				"${TARGET_BUILD_DIR}/${FRAMEWORKS_FOLDER_PATH}/Flutter.framework",
				"${TARGET_BUILD_DIR}/${FRAMEWORKS_FOLDER_PATH}/FlutterPluginRegistrant.framework",
			);
			runOnlyForDeploymentPostprocessing = 0;
			shellPath = /bin/sh;
			shellScript = "\"${SRCROOT}/Pods/Target Support Files/Pods-Flutter-iOS/Pods-Flutter-iOS-frameworks.sh\"\n";
			showEnvVarsInLog = 0;
		};
		F6610DD621E44D3500A2137B /* ShellScript */ = {
			isa = PBXShellScriptBuildPhase;
			buildActionMask = 2147483647;
			files = (
			);
			inputFileListPaths = (
			);
			inputPaths = (
			);
			outputFileListPaths = (
			);
			outputPaths = (
			);
			runOnlyForDeploymentPostprocessing = 0;
			shellPath = /bin/sh;
			shellScript = "\"$FLUTTER_ROOT/packages/flutter_tools/bin/xcode_backend.sh\" build\n\"$FLUTTER_ROOT/packages/flutter_tools/bin/xcode_backend.sh\" embed\n";
		};
/* End PBXShellScriptBuildPhase section */

/* Begin PBXSourcesBuildPhase section */
		F63F120C21E44AFC00E3AF95 /* Sources */ = {
			isa = PBXSourcesBuildPhase;
			buildActionMask = 2147483647;
			files = (
				F63F121621E44AFC00E3AF95 /* ViewController.swift in Sources */,
				F63F121421E44AFC00E3AF95 /* AppDelegate.swift in Sources */,
			);
			runOnlyForDeploymentPostprocessing = 0;
		};
		F63F122021E44AFE00E3AF95 /* Sources */ = {
			isa = PBXSourcesBuildPhase;
			buildActionMask = 2147483647;
			files = (
				F63F122921E44AFE00E3AF95 /* Flutter_iOSTests.swift in Sources */,
			);
			runOnlyForDeploymentPostprocessing = 0;
		};
		F63F122B21E44AFE00E3AF95 /* Sources */ = {
			isa = PBXSourcesBuildPhase;
			buildActionMask = 2147483647;
			files = (
				F63F123421E44AFE00E3AF95 /* Flutter_iOSUITests.swift in Sources */,
			);
			runOnlyForDeploymentPostprocessing = 0;
		};
/* End PBXSourcesBuildPhase section */

/* Begin PBXTargetDependency section */
		F63F122621E44AFE00E3AF95 /* PBXTargetDependency */ = {
			isa = PBXTargetDependency;
			target = F63F120F21E44AFC00E3AF95 /* Flutter-iOS */;
			targetProxy = F63F122521E44AFE00E3AF95 /* PBXContainerItemProxy */;
		};
		F63F123121E44AFE00E3AF95 /* PBXTargetDependency */ = {
			isa = PBXTargetDependency;
			target = F63F120F21E44AFC00E3AF95 /* Flutter-iOS */;
			targetProxy = F63F123021E44AFE00E3AF95 /* PBXContainerItemProxy */;
		};
/* End PBXTargetDependency section */

/* Begin PBXVariantGroup section */
		F63F121721E44AFC00E3AF95 /* Main.storyboard */ = {
			isa = PBXVariantGroup;
			children = (
				F63F121821E44AFC00E3AF95 /* Base */,
			);
			name = Main.storyboard;
			sourceTree = "<group>";
		};
		F63F121C21E44AFE00E3AF95 /* LaunchScreen.storyboard */ = {
			isa = PBXVariantGroup;
			children = (
				F63F121D21E44AFE00E3AF95 /* Base */,
			);
			name = LaunchScreen.storyboard;
			sourceTree = "<group>";
		};
/* End PBXVariantGroup section */

/* Begin XCBuildConfiguration section */
		F63F123621E44AFE00E3AF95 /* Debug */ = {
			isa = XCBuildConfiguration;
			buildSettings = {
				ALWAYS_SEARCH_USER_PATHS = NO;
				CLANG_ANALYZER_NONNULL = YES;
				CLANG_ANALYZER_NUMBER_OBJECT_CONVERSION = YES_AGGRESSIVE;
				CLANG_CXX_LANGUAGE_STANDARD = "gnu++14";
				CLANG_CXX_LIBRARY = "libc++";
				CLANG_ENABLE_MODULES = YES;
				CLANG_ENABLE_OBJC_ARC = YES;
				CLANG_ENABLE_OBJC_WEAK = YES;
				CLANG_WARN_BLOCK_CAPTURE_AUTORELEASING = YES;
				CLANG_WARN_BOOL_CONVERSION = YES;
				CLANG_WARN_COMMA = YES;
				CLANG_WARN_CONSTANT_CONVERSION = YES;
				CLANG_WARN_DEPRECATED_OBJC_IMPLEMENTATIONS = YES;
				CLANG_WARN_DIRECT_OBJC_ISA_USAGE = YES_ERROR;
				CLANG_WARN_DOCUMENTATION_COMMENTS = YES;
				CLANG_WARN_EMPTY_BODY = YES;
				CLANG_WARN_ENUM_CONVERSION = YES;
				CLANG_WARN_INFINITE_RECURSION = YES;
				CLANG_WARN_INT_CONVERSION = YES;
				CLANG_WARN_NON_LITERAL_NULL_CONVERSION = YES;
				CLANG_WARN_OBJC_IMPLICIT_RETAIN_SELF = YES;
				CLANG_WARN_OBJC_LITERAL_CONVERSION = YES;
				CLANG_WARN_OBJC_ROOT_CLASS = YES_ERROR;
				CLANG_WARN_RANGE_LOOP_ANALYSIS = YES;
				CLANG_WARN_STRICT_PROTOTYPES = YES;
				CLANG_WARN_SUSPICIOUS_MOVE = YES;
				CLANG_WARN_UNGUARDED_AVAILABILITY = YES_AGGRESSIVE;
				CLANG_WARN_UNREACHABLE_CODE = YES;
				CLANG_WARN__DUPLICATE_METHOD_MATCH = YES;
				CODE_SIGN_IDENTITY = "iPhone Developer";
				COPY_PHASE_STRIP = NO;
				DEBUG_INFORMATION_FORMAT = dwarf;
				ENABLE_STRICT_OBJC_MSGSEND = YES;
				ENABLE_TESTABILITY = YES;
				GCC_C_LANGUAGE_STANDARD = gnu11;
				GCC_DYNAMIC_NO_PIC = NO;
				GCC_NO_COMMON_BLOCKS = YES;
				GCC_OPTIMIZATION_LEVEL = 0;
				GCC_PREPROCESSOR_DEFINITIONS = (
					"DEBUG=1",
					"$(inherited)",
				);
				GCC_WARN_64_TO_32_BIT_CONVERSION = YES;
				GCC_WARN_ABOUT_RETURN_TYPE = YES_ERROR;
				GCC_WARN_UNDECLARED_SELECTOR = YES;
				GCC_WARN_UNINITIALIZED_AUTOS = YES_AGGRESSIVE;
				GCC_WARN_UNUSED_FUNCTION = YES;
				GCC_WARN_UNUSED_VARIABLE = YES;
				IPHONEOS_DEPLOYMENT_TARGET = 12.0;
				MTL_ENABLE_DEBUG_INFO = INCLUDE_SOURCE;
				MTL_FAST_MATH = YES;
				ONLY_ACTIVE_ARCH = YES;
				SDKROOT = iphoneos;
				SWIFT_ACTIVE_COMPILATION_CONDITIONS = DEBUG;
				SWIFT_OPTIMIZATION_LEVEL = "-Onone";
			};
			name = Debug;
		};
		F63F123721E44AFE00E3AF95 /* Release */ = {
			isa = XCBuildConfiguration;
			buildSettings = {
				ALWAYS_SEARCH_USER_PATHS = NO;
				CLANG_ANALYZER_NONNULL = YES;
				CLANG_ANALYZER_NUMBER_OBJECT_CONVERSION = YES_AGGRESSIVE;
				CLANG_CXX_LANGUAGE_STANDARD = "gnu++14";
				CLANG_CXX_LIBRARY = "libc++";
				CLANG_ENABLE_MODULES = YES;
				CLANG_ENABLE_OBJC_ARC = YES;
				CLANG_ENABLE_OBJC_WEAK = YES;
				CLANG_WARN_BLOCK_CAPTURE_AUTORELEASING = YES;
				CLANG_WARN_BOOL_CONVERSION = YES;
				CLANG_WARN_COMMA = YES;
				CLANG_WARN_CONSTANT_CONVERSION = YES;
				CLANG_WARN_DEPRECATED_OBJC_IMPLEMENTATIONS = YES;
				CLANG_WARN_DIRECT_OBJC_ISA_USAGE = YES_ERROR;
				CLANG_WARN_DOCUMENTATION_COMMENTS = YES;
				CLANG_WARN_EMPTY_BODY = YES;
				CLANG_WARN_ENUM_CONVERSION = YES;
				CLANG_WARN_INFINITE_RECURSION = YES;
				CLANG_WARN_INT_CONVERSION = YES;
				CLANG_WARN_NON_LITERAL_NULL_CONVERSION = YES;
				CLANG_WARN_OBJC_IMPLICIT_RETAIN_SELF = YES;
				CLANG_WARN_OBJC_LITERAL_CONVERSION = YES;
				CLANG_WARN_OBJC_ROOT_CLASS = YES_ERROR;
				CLANG_WARN_RANGE_LOOP_ANALYSIS = YES;
				CLANG_WARN_STRICT_PROTOTYPES = YES;
				CLANG_WARN_SUSPICIOUS_MOVE = YES;
				CLANG_WARN_UNGUARDED_AVAILABILITY = YES_AGGRESSIVE;
				CLANG_WARN_UNREACHABLE_CODE = YES;
				CLANG_WARN__DUPLICATE_METHOD_MATCH = YES;
				CODE_SIGN_IDENTITY = "iPhone Developer";
				COPY_PHASE_STRIP = NO;
				DEBUG_INFORMATION_FORMAT = "dwarf-with-dsym";
				ENABLE_NS_ASSERTIONS = NO;
				ENABLE_STRICT_OBJC_MSGSEND = YES;
				GCC_C_LANGUAGE_STANDARD = gnu11;
				GCC_NO_COMMON_BLOCKS = YES;
				GCC_WARN_64_TO_32_BIT_CONVERSION = YES;
				GCC_WARN_ABOUT_RETURN_TYPE = YES_ERROR;
				GCC_WARN_UNDECLARED_SELECTOR = YES;
				GCC_WARN_UNINITIALIZED_AUTOS = YES_AGGRESSIVE;
				GCC_WARN_UNUSED_FUNCTION = YES;
				GCC_WARN_UNUSED_VARIABLE = YES;
				IPHONEOS_DEPLOYMENT_TARGET = 12.0;
				MTL_ENABLE_DEBUG_INFO = NO;
				MTL_FAST_MATH = YES;
				SDKROOT = iphoneos;
				SWIFT_COMPILATION_MODE = wholemodule;
				SWIFT_OPTIMIZATION_LEVEL = "-O";
				VALIDATE_PRODUCT = YES;
			};
			name = Release;
		};
		F63F123921E44AFE00E3AF95 /* Debug */ = {
			isa = XCBuildConfiguration;
			baseConfigurationReference = 068578D8DA57148064547229 /* Pods-Flutter-iOS.debug.xcconfig */;
			buildSettings = {
				ASSETCATALOG_COMPILER_APPICON_NAME = AppIcon;
				CODE_SIGN_STYLE = Automatic;
				INFOPLIST_FILE = "Flutter-iOS/Info.plist";
				LD_RUNPATH_SEARCH_PATHS = (
					"$(inherited)",
					"@executable_path/Frameworks",
				);
				PRODUCT_BUNDLE_IDENTIFIER = "RN.Flutter-iOS";
				PRODUCT_NAME = "$(TARGET_NAME)";
				SWIFT_VERSION = 4.2;
				TARGETED_DEVICE_FAMILY = "1,2";
			};
			name = Debug;
		};
		F63F123A21E44AFE00E3AF95 /* Release */ = {
			isa = XCBuildConfiguration;
			baseConfigurationReference = 467B6A7BBF086E66A634D90D /* Pods-Flutter-iOS.release.xcconfig */;
			buildSettings = {
				ASSETCATALOG_COMPILER_APPICON_NAME = AppIcon;
				CODE_SIGN_STYLE = Automatic;
				INFOPLIST_FILE = "Flutter-iOS/Info.plist";
				LD_RUNPATH_SEARCH_PATHS = (
					"$(inherited)",
					"@executable_path/Frameworks",
				);
				PRODUCT_BUNDLE_IDENTIFIER = "RN.Flutter-iOS";
				PRODUCT_NAME = "$(TARGET_NAME)";
				SWIFT_VERSION = 4.2;
				TARGETED_DEVICE_FAMILY = "1,2";
			};
			name = Release;
		};
		F63F123C21E44AFE00E3AF95 /* Debug */ = {
			isa = XCBuildConfiguration;
			baseConfigurationReference = C099C737993FD1D8116A6A8A /* Pods-Flutter-iOSTests.debug.xcconfig */;
			buildSettings = {
				ALWAYS_EMBED_SWIFT_STANDARD_LIBRARIES = YES;
				BUNDLE_LOADER = "$(TEST_HOST)";
				CODE_SIGN_STYLE = Automatic;
				INFOPLIST_FILE = "Flutter-iOSTests/Info.plist";
				LD_RUNPATH_SEARCH_PATHS = (
					"$(inherited)",
					"@executable_path/Frameworks",
					"@loader_path/Frameworks",
				);
				PRODUCT_BUNDLE_IDENTIFIER = "RN.Flutter-iOSTests";
				PRODUCT_NAME = "$(TARGET_NAME)";
				SWIFT_VERSION = 4.2;
				TARGETED_DEVICE_FAMILY = "1,2";
				TEST_HOST = "$(BUILT_PRODUCTS_DIR)/Flutter-iOS.app/Flutter-iOS";
			};
			name = Debug;
		};
		F63F123D21E44AFE00E3AF95 /* Release */ = {
			isa = XCBuildConfiguration;
			baseConfigurationReference = 1A1A381A463210AF3EB15180 /* Pods-Flutter-iOSTests.release.xcconfig */;
			buildSettings = {
				ALWAYS_EMBED_SWIFT_STANDARD_LIBRARIES = YES;
				BUNDLE_LOADER = "$(TEST_HOST)";
				CODE_SIGN_STYLE = Automatic;
				INFOPLIST_FILE = "Flutter-iOSTests/Info.plist";
				LD_RUNPATH_SEARCH_PATHS = (
					"$(inherited)",
					"@executable_path/Frameworks",
					"@loader_path/Frameworks",
				);
				PRODUCT_BUNDLE_IDENTIFIER = "RN.Flutter-iOSTests";
				PRODUCT_NAME = "$(TARGET_NAME)";
				SWIFT_VERSION = 4.2;
				TARGETED_DEVICE_FAMILY = "1,2";
				TEST_HOST = "$(BUILT_PRODUCTS_DIR)/Flutter-iOS.app/Flutter-iOS";
			};
			name = Release;
		};
		F63F123F21E44AFE00E3AF95 /* Debug */ = {
			isa = XCBuildConfiguration;
			baseConfigurationReference = D5293D1AB4901A2199E19D84 /* Pods-Flutter-iOSUITests.debug.xcconfig */;
			buildSettings = {
				ALWAYS_EMBED_SWIFT_STANDARD_LIBRARIES = YES;
				CODE_SIGN_STYLE = Automatic;
				INFOPLIST_FILE = "Flutter-iOSUITests/Info.plist";
				LD_RUNPATH_SEARCH_PATHS = (
					"$(inherited)",
					"@executable_path/Frameworks",
					"@loader_path/Frameworks",
				);
				PRODUCT_BUNDLE_IDENTIFIER = "RN.Flutter-iOSUITests";
				PRODUCT_NAME = "$(TARGET_NAME)";
				SWIFT_VERSION = 4.2;
				TARGETED_DEVICE_FAMILY = "1,2";
				TEST_TARGET_NAME = "Flutter-iOS";
			};
			name = Debug;
		};
		F63F124021E44AFE00E3AF95 /* Release */ = {
			isa = XCBuildConfiguration;
			baseConfigurationReference = 4088766E52F746547B815E9A /* Pods-Flutter-iOSUITests.release.xcconfig */;
			buildSettings = {
				ALWAYS_EMBED_SWIFT_STANDARD_LIBRARIES = YES;
				CODE_SIGN_STYLE = Automatic;
				INFOPLIST_FILE = "Flutter-iOSUITests/Info.plist";
				LD_RUNPATH_SEARCH_PATHS = (
					"$(inherited)",
					"@executable_path/Frameworks",
					"@loader_path/Frameworks",
				);
				PRODUCT_BUNDLE_IDENTIFIER = "RN.Flutter-iOSUITests";
				PRODUCT_NAME = "$(TARGET_NAME)";
				SWIFT_VERSION = 4.2;
				TARGETED_DEVICE_FAMILY = "1,2";
				TEST_TARGET_NAME = "Flutter-iOS";
			};
			name = Release;
		};
/* End XCBuildConfiguration section */

/* Begin XCConfigurationList section */
		F63F120B21E44AFC00E3AF95 /* Build configuration list for PBXProject "Flutter-iOS" */ = {
			isa = XCConfigurationList;
			buildConfigurations = (
				F63F123621E44AFE00E3AF95 /* Debug */,
				F63F123721E44AFE00E3AF95 /* Release */,
			);
			defaultConfigurationIsVisible = 0;
			defaultConfigurationName = Release;
		};
		F63F123821E44AFE00E3AF95 /* Build configuration list for PBXNativeTarget "Flutter-iOS" */ = {
			isa = XCConfigurationList;
			buildConfigurations = (
				F63F123921E44AFE00E3AF95 /* Debug */,
				F63F123A21E44AFE00E3AF95 /* Release */,
			);
			defaultConfigurationIsVisible = 0;
			defaultConfigurationName = Release;
		};
		F63F123B21E44AFE00E3AF95 /* Build configuration list for PBXNativeTarget "Flutter-iOSTests" */ = {
			isa = XCConfigurationList;
			buildConfigurations = (
				F63F123C21E44AFE00E3AF95 /* Debug */,
				F63F123D21E44AFE00E3AF95 /* Release */,
			);
			defaultConfigurationIsVisible = 0;
			defaultConfigurationName = Release;
		};
		F63F123E21E44AFE00E3AF95 /* Build configuration list for PBXNativeTarget "Flutter-iOSUITests" */ = {
			isa = XCConfigurationList;
			buildConfigurations = (
				F63F123F21E44AFE00E3AF95 /* Debug */,
				F63F124021E44AFE00E3AF95 /* Release */,
			);
			defaultConfigurationIsVisible = 0;
			defaultConfigurationName = Release;
		};
/* End XCConfigurationList section */
	};
	rootObject = F63F120821E44AFC00E3AF95 /* Project object */;
}
